pault.ag/go/cbeff v0.0.0-20190316174414-b3ea38156a4c h1:1NbZpEVspbOFd8hnVKDcm91DRnUTcD9s9BuiEcnRK4w=
pault.ag/go/cbeff v0.0.0-20190316174414-b3ea38156a4c/go.mod h1:xQEwgbgxLWJ1OuNe9XYcrqAn2YTYK5FYCSMO2u4/at4=
pault.ag/go/fasc v0.0.0-20190505145209-c337c3c0bbf0 h1:xBeffIh+JoHkwY5VYDe3A06TVXFEWlVSvsBPNSqHFmM=
pault.ag/go/fasc v0.0.0-20190505145209-c337c3c0bbf0/go.mod h1:ZVD6UhO2Ww4DGiNTW0cgpFlE820wDl2aMcTlprz7V2E=
pault.ag/go/othername v0.0.0-20190316144542-859caba4369b h1:mIaVWfAAW33WRl0j2jKq4SPgs/NSUMb/UmMKbuVv6vc=
pault.ag/go/othername v0.0.0-20190316144542-859caba4369b/go.mod h1:u939XwodO0MGyc2Wsk3DUHLu64//oyyi9xFxId8hW48=
